
Microsoft Visual Studio Solution File, Format Version 12.00
# Visual Studio Version 16
VisualStudioVersion = 16.0.30114.105
MinimumVisualStudioVersion = 10.0.40219.1
Project("{FAE04EC0-301F-11D3-BF4B-00C04F79EFBC}") = "WePromoLink", "WePromoLink\WePromoLink.csproj", "{05950732-1CD9-43D7-820B-8492B4BF3294}"
EndProject
Project("{FAE04EC0-301F-11D3-BF4B-00C04F79EFBC}") = "WePromoLink.Shared", "WePromoLink.Shared\WePromoLink.Shared.csproj", "{44B7C8DF-8E8F-480A-A576-356ECA1DA935}"
EndProject
Project("{FAE04EC0-301F-11D3-BF4B-00C04F79EFBC}") = "WePromoLink.HitWorker", "WePromoLink.HitWorker\WePromoLink.HitWorker.csproj", "{012EE241-F503-4762-A02C-9F1D8A146941}"
EndProject
Project("{FAE04EC0-301F-11D3-BF4B-00C04F79EFBC}") = "WePromoLink.StripeWorker", "WePromoLink.StripeWorker\WePromoLink.StripeWorker.csproj", "{7B14DF71-00AF-42E0-83ED-6F48C68C7DBA}"
EndProject
Project("{FAE04EC0-301F-11D3-BF4B-00C04F79EFBC}") = "WePromoLink.Backoffice", "WePromoLink.Backoffice\WePromoLink.Backoffice.csproj", "{1F3DD38D-5DFC-4A4F-81FD-DF05B555E24D}"
EndProject
Project("{FAE04EC0-301F-11D3-BF4B-00C04F79EFBC}") = "WePromoLink.StatsWorker", "WePromoLink.StatsWorker\WePromoLink.StatsWorker.csproj", "{CDA3BBF5-EA32-4035-B13A-5571BDA07881}"
EndProject
Project("{FAE04EC0-301F-11D3-BF4B-00C04F79EFBC}") = "WePromoLink.Controller", "WePromoLink.Controller\WePromoLink.Controller.csproj", "{E99B81D3-298E-4558-AF0B-6BE249A63376}"
EndProject
Project("{FAE04EC0-301F-11D3-BF4B-00C04F79EFBC}") = "WePromoLink.GeoLocationWorker", "WePromoLink.GeoLocationWorker\WePromoLink.GeoLocationWorker.csproj", "{7837B80A-E3F7-4F3A-A72C-7ABB4DCCCB9A}"
EndProject
Project("{FAE04EC0-301F-11D3-BF4B-00C04F79EFBC}") = "WePromoLink.NotiWorker", "WePromoLink.NotiWorker\WePromoLink.NotiWorker.csproj", "{0B5ED8FC-A89E-471D-9180-566D868688F2}"
EndProject
Project("{FAE04EC0-301F-11D3-BF4B-00C04F79EFBC}") = "WePromoLink.BtcpayWorker", "WePromoLink.BtcpayWorker\WePromoLink.BtcpayWorker.csproj", "{F56A6FD9-8A19-4AF6-885C-A6AD28C93BAA}"
EndProject
Project("{FAE04EC0-301F-11D3-BF4B-00C04F79EFBC}") = "WePromoLink.Test", "WePromoLink.Test\WePromoLink.Test.csproj", "{CE03E606-1E03-4512-B2B9-B97F459F21EA}"
EndProject
Global
	GlobalSection(SolutionConfigurationPlatforms) = preSolution
		Debug|Any CPU = Debug|Any CPU
		Release|Any CPU = Release|Any CPU
	EndGlobalSection
	GlobalSection(SolutionProperties) = preSolution
		HideSolutionNode = FALSE
	EndGlobalSection
	GlobalSection(ProjectConfigurationPlatforms) = postSolution
		{05950732-1CD9-43D7-820B-8492B4BF3294}.Debug|Any CPU.ActiveCfg = Debug|Any CPU
		{05950732-1CD9-43D7-820B-8492B4BF3294}.Debug|Any CPU.Build.0 = Debug|Any CPU
		{05950732-1CD9-43D7-820B-8492B4BF3294}.Release|Any CPU.ActiveCfg = Release|Any CPU
		{05950732-1CD9-43D7-820B-8492B4BF3294}.Release|Any CPU.Build.0 = Release|Any CPU
		{44B7C8DF-8E8F-480A-A576-356ECA1DA935}.Debug|Any CPU.ActiveCfg = Debug|Any CPU
		{44B7C8DF-8E8F-480A-A576-356ECA1DA935}.Debug|Any CPU.Build.0 = Debug|Any CPU
		{44B7C8DF-8E8F-480A-A576-356ECA1DA935}.Release|Any CPU.ActiveCfg = Release|Any CPU
		{44B7C8DF-8E8F-480A-A576-356ECA1DA935}.Release|Any CPU.Build.0 = Release|Any CPU
		{012EE241-F503-4762-A02C-9F1D8A146941}.Debug|Any CPU.ActiveCfg = Debug|Any CPU
		{012EE241-F503-4762-A02C-9F1D8A146941}.Debug|Any CPU.Build.0 = Debug|Any CPU
		{012EE241-F503-4762-A02C-9F1D8A146941}.Release|Any CPU.ActiveCfg = Release|Any CPU
		{012EE241-F503-4762-A02C-9F1D8A146941}.Release|Any CPU.Build.0 = Release|Any CPU
		{7B14DF71-00AF-42E0-83ED-6F48C68C7DBA}.Debug|Any CPU.ActiveCfg = Debug|Any CPU
		{7B14DF71-00AF-42E0-83ED-6F48C68C7DBA}.Debug|Any CPU.Build.0 = Debug|Any CPU
		{7B14DF71-00AF-42E0-83ED-6F48C68C7DBA}.Release|Any CPU.ActiveCfg = Release|Any CPU
		{7B14DF71-00AF-42E0-83ED-6F48C68C7DBA}.Release|Any CPU.Build.0 = Release|Any CPU
		{1F3DD38D-5DFC-4A4F-81FD-DF05B555E24D}.Debug|Any CPU.ActiveCfg = Debug|Any CPU
		{1F3DD38D-5DFC-4A4F-81FD-DF05B555E24D}.Debug|Any CPU.Build.0 = Debug|Any CPU
		{1F3DD38D-5DFC-4A4F-81FD-DF05B555E24D}.Release|Any CPU.ActiveCfg = Release|Any CPU
		{1F3DD38D-5DFC-4A4F-81FD-DF05B555E24D}.Release|Any CPU.Build.0 = Release|Any CPU
		{CDA3BBF5-EA32-4035-B13A-5571BDA07881}.Debug|Any CPU.ActiveCfg = Debug|Any CPU
		{CDA3BBF5-EA32-4035-B13A-5571BDA07881}.Debug|Any CPU.Build.0 = Debug|Any CPU
		{CDA3BBF5-EA32-4035-B13A-5571BDA07881}.Release|Any CPU.ActiveCfg = Release|Any CPU
		{CDA3BBF5-EA32-4035-B13A-5571BDA07881}.Release|Any CPU.Build.0 = Release|Any CPU
		{E99B81D3-298E-4558-AF0B-6BE249A63376}.Debug|Any CPU.ActiveCfg = Debug|Any CPU
		{E99B81D3-298E-4558-AF0B-6BE249A63376}.Debug|Any CPU.Build.0 = Debug|Any CPU
		{E99B81D3-298E-4558-AF0B-6BE249A63376}.Release|Any CPU.ActiveCfg = Release|Any CPU
		{E99B81D3-298E-4558-AF0B-6BE249A63376}.Release|Any CPU.Build.0 = Release|Any CPU
		{7837B80A-E3F7-4F3A-A72C-7ABB4DCCCB9A}.Debug|Any CPU.ActiveCfg = Debug|Any CPU
		{7837B80A-E3F7-4F3A-A72C-7ABB4DCCCB9A}.Debug|Any CPU.Build.0 = Debug|Any CPU
		{7837B80A-E3F7-4F3A-A72C-7ABB4DCCCB9A}.Release|Any CPU.ActiveCfg = Release|Any CPU
		{7837B80A-E3F7-4F3A-A72C-7ABB4DCCCB9A}.Release|Any CPU.Build.0 = Release|Any CPU
		{0B5ED8FC-A89E-471D-9180-566D868688F2}.Debug|Any CPU.ActiveCfg = Debug|Any CPU
		{0B5ED8FC-A89E-471D-9180-566D868688F2}.Debug|Any CPU.Build.0 = Debug|Any CPU
		{0B5ED8FC-A89E-471D-9180-566D868688F2}.Release|Any CPU.ActiveCfg = Release|Any CPU
		{0B5ED8FC-A89E-471D-9180-566D868688F2}.Release|Any CPU.Build.0 = Release|Any CPU
		{F56A6FD9-8A19-4AF6-885C-A6AD28C93BAA}.Debug|Any CPU.ActiveCfg = Debug|Any CPU
		{F56A6FD9-8A19-4AF6-885C-A6AD28C93BAA}.Debug|Any CPU.Build.0 = Debug|Any CPU
		{F56A6FD9-8A19-4AF6-885C-A6AD28C93BAA}.Release|Any CPU.ActiveCfg = Release|Any CPU
		{F56A6FD9-8A19-4AF6-885C-A6AD28C93BAA}.Release|Any CPU.Build.0 = Release|Any CPU
		{CE03E606-1E03-4512-B2B9-B97F459F21EA}.Debug|Any CPU.ActiveCfg = Debug|Any CPU
		{CE03E606-1E03-4512-B2B9-B97F459F21EA}.Debug|Any CPU.Build.0 = Debug|Any CPU
		{CE03E606-1E03-4512-B2B9-B97F459F21EA}.Release|Any CPU.ActiveCfg = Release|Any CPU
		{CE03E606-1E03-4512-B2B9-B97F459F21EA}.Release|Any CPU.Build.0 = Release|Any CPU
	EndGlobalSection
EndGlobal
